
Microsoft Visual Studio Solution File, Format Version 12.00
# Visual Studio Version 16
VisualStudioVersion = 16.0.32413.511
MinimumVisualStudioVersion = 10.0.40219.1
Project("{FAE04EC0-301F-11D3-BF4B-00C04F79EFBC}") = "WindowsFormsApp1", "WindowsFormsApp1.csproj", "{B581D306-AB5E-47A2-A5DF-89E3C7E626E8}"
EndProject
Global
	GlobalSection(SolutionConfigurationPlatforms) = preSolution
		Debug|Any CPU = Debug|Any CPU
		Release|Any CPU = Release|Any CPU
	EndGlobalSection
	GlobalSection(ProjectConfigurationPlatforms) = postSolution
		{B581D306-AB5E-47A2-A5DF-89E3C7E626E8}.Debug|Any CPU.ActiveCfg = Debug|Any CPU
		{B581D306-AB5E-47A2-A5DF-89E3C7E626E8}.Debug|Any CPU.Build.0 = Debug|Any CPU
		{B581D306-AB5E-47A2-A5DF-89E3C7E626E8}.Release|Any CPU.ActiveCfg = Release|Any CPU
		{B581D306-AB5E-47A2-A5DF-89E3C7E626E8}.Release|Any CPU.Build.0 = Release|Any CPU
	EndGlobalSection
	GlobalSection(SolutionProperties) = preSolution
		HideSolutionNode = FALSE
	EndGlobalSection
	GlobalSection(ExtensibilityGlobals) = postSolution
		SolutionGuid = {EDD740C5-12BD-4B33-A10D-2283C6736742}
	EndGlobalSection
EndGlobal
